Microsoft Visual Studio Solution File, Format Version 12.00
# Visual Studio Version 17
VisualStudioVersion = 17.1.32328.378
MinimumVisualStudioVersion = 10.0.40219.1
Project("{8BC9CEB8-8B4A-11D0-8D11-00A0C91BC942}") = "Engine", "Engine\Engine.vcxproj", "{01571E12-3EF1-4A21-ABEC-7F9ECE949D55}"
EndProject
Project("{8BC9CEB8-8B4A-11D0-8D11-00A0C91BC942}") = "Project", "Project\Project.vcxproj", "{50D7460A-5167-4326-90E0-1B1A17383A51}"
EndProject
Global
	GlobalSection(SolutionConfigurationPlatforms) = preSolution
		DebugDX11|x64 = DebugDX11|x64
		DebugDX11|x86 = DebugDX11|x86
		DebugDX11|ARM = DebugDX11|ARM
		DebugDX11|Web = DebugDX11|Web
		DebugDX11|NintendoSwitch = DebugDX11|NintendoSwitch
		DebugDX11|Android = DebugDX11|Android
		DebugGL|x64 = DebugGL|x64
		DebugGL|x86 = DebugGL|x86
		DebugGL|ARM = DebugGL|ARM
		DebugGL|Web = DebugGL|Web
		DebugGL|NintendoSwitch = DebugGL|NintendoSwitch
		DebugGL|Android = DebugGL|Android
		DebugUniversalDX11|x64 = DebugUniversalDX11|x64
		DebugUniversalDX11|x86 = DebugUniversalDX11|x86
		DebugUniversalDX11|ARM = DebugUniversalDX11|ARM
		DebugUniversalDX11|Web = DebugUniversalDX11|Web
		DebugUniversalDX11|NintendoSwitch = DebugUniversalDX11|NintendoSwitch
		DebugUniversalDX11|Android = DebugUniversalDX11|Android
		ReleaseDX11|x64 = ReleaseDX11|x64
		ReleaseDX11|x86 = ReleaseDX11|x86
		ReleaseDX11|ARM = ReleaseDX11|ARM
		ReleaseDX11|Web = ReleaseDX11|Web
		ReleaseDX11|NintendoSwitch = ReleaseDX11|NintendoSwitch
		ReleaseDX11|Android = ReleaseDX11|Android
		ReleaseGL|x64 = ReleaseGL|x64
		ReleaseGL|x86 = ReleaseGL|x86
		ReleaseGL|ARM = ReleaseGL|ARM
		ReleaseGL|Web = ReleaseGL|Web
		ReleaseGL|NintendoSwitch = ReleaseGL|NintendoSwitch
		ReleaseGL|Android = ReleaseGL|Android
		Release Universal DX11|x64 = Release Universal DX11|x64
		Release Universal DX11|x86 = Release Universal DX11|x86
		Release Universal DX11|ARM = Release Universal DX11|ARM
		Release Universal DX11|Web = Release Universal DX11|Web
		Release Universal DX11|NintendoSwitch = Release Universal DX11|NintendoSwitch
		Release Universal DX11|Android = Release Universal DX11|Android
	EndGlobalSection
	GlobalSection(ProjectConfigurationPlatforms) = postSolution
		{01571E12-3EF1-4A21-ABEC-7F9ECE949D55}.DebugDX11|x64.ActiveCfg = DebugDX11|x64
		{01571E12-3EF1-4A21-ABEC-7F9ECE949D55}.DebugDX11|x64.Build.0 = DebugDX11|x64
		{01571E12-3EF1-4A21-ABEC-7F9ECE949D55}.DebugDX11|x86.ActiveCfg = DebugDX11|Win32
		{01571E12-3EF1-4A21-ABEC-7F9ECE949D55}.DebugDX11|x86.Build.0 = DebugDX11|Win32
		{01571E12-3EF1-4A21-ABEC-7F9ECE949D55}.DebugDX11|ARM.ActiveCfg = DebugDX11|ARM
		{01571E12-3EF1-4A21-ABEC-7F9ECE949D55}.DebugDX11|ARM.Build.0 = DebugDX11|ARM
		{01571E12-3EF1-4A21-ABEC-7F9ECE949D55}.DebugDX11|Web.ActiveCfg = DebugDX11|Emscripten
		{01571E12-3EF1-4A21-ABEC-7F9ECE949D55}.DebugDX11|Web.Build.0 = DebugDX11|Emscripten
		{01571E12-3EF1-4A21-ABEC-7F9ECE949D55}.DebugDX11|NintendoSwitch.ActiveCfg = DebugDX11|NX64
		{01571E12-3EF1-4A21-ABEC-7F9ECE949D55}.DebugDX11|NintendoSwitch.Build.0 = DebugDX11|NX64
		{01571E12-3EF1-4A21-ABEC-7F9ECE949D55}.DebugDX11|Android.ActiveCfg = DebugDX11|Android-arm64-v8a
		{01571E12-3EF1-4A21-ABEC-7F9ECE949D55}.DebugDX11|Android.Build.0 = DebugDX11|Android-arm64-v8a
		{01571E12-3EF1-4A21-ABEC-7F9ECE949D55}.DebugGL|x64.ActiveCfg = DebugGL|x64
		{01571E12-3EF1-4A21-ABEC-7F9ECE949D55}.DebugGL|x64.Build.0 = DebugGL|x64
		{01571E12-3EF1-4A21-ABEC-7F9ECE949D55}.DebugGL|x86.ActiveCfg = DebugGL|Win32
		{01571E12-3EF1-4A21-ABEC-7F9ECE949D55}.DebugGL|x86.Build.0 = DebugGL|Win32
		{01571E12-3EF1-4A21-ABEC-7F9ECE949D55}.DebugGL|ARM.ActiveCfg = DebugGL|ARM
		{01571E12-3EF1-4A21-ABEC-7F9ECE949D55}.DebugGL|ARM.Build.0 = DebugGL|ARM
		{01571E12-3EF1-4A21-ABEC-7F9ECE949D55}.DebugGL|Web.ActiveCfg = DebugGL|Emscripten
		{01571E12-3EF1-4A21-ABEC-7F9ECE949D55}.DebugGL|Web.Build.0 = DebugGL|Emscripten
		{01571E12-3EF1-4A21-ABEC-7F9ECE949D55}.DebugGL|NintendoSwitch.ActiveCfg = DebugGL|NX64
		{01571E12-3EF1-4A21-ABEC-7F9ECE949D55}.DebugGL|NintendoSwitch.Build.0 = DebugGL|NX64
		{01571E12-3EF1-4A21-ABEC-7F9ECE949D55}.DebugGL|Android.ActiveCfg = DebugGL|Android-arm64-v8a
		{01571E12-3EF1-4A21-ABEC-7F9ECE949D55}.DebugGL|Android.Build.0 = DebugGL|Android-arm64-v8a
		{01571E12-3EF1-4A21-ABEC-7F9ECE949D55}.DebugUniversalDX11|x64.ActiveCfg = DebugUniversalDX11|x64
		{01571E12-3EF1-4A21-ABEC-7F9ECE949D55}.DebugUniversalDX11|x64.Build.0 = DebugUniversalDX11|x64
		{01571E12-3EF1-4A21-ABEC-7F9ECE949D55}.DebugUniversalDX11|x86.ActiveCfg = DebugUniversalDX11|Win32
		{01571E12-3EF1-4A21-ABEC-7F9ECE949D55}.DebugUniversalDX11|x86.Build.0 = DebugUniversalDX11|Win32
		{01571E12-3EF1-4A21-ABEC-7F9ECE949D55}.DebugUniversalDX11|ARM.ActiveCfg = DebugUniversalDX11|ARM
		{01571E12-3EF1-4A21-ABEC-7F9ECE949D55}.DebugUniversalDX11|ARM.Build.0 = DebugUniversalDX11|ARM
		{01571E12-3EF1-4A21-ABEC-7F9ECE949D55}.DebugUniversalDX11|Web.ActiveCfg = DebugUniversalDX11|Emscripten
		{01571E12-3EF1-4A21-ABEC-7F9ECE949D55}.DebugUniversalDX11|Web.Build.0 = DebugUniversalDX11|Emscripten
		{01571E12-3EF1-4A21-ABEC-7F9ECE949D55}.DebugUniversalDX11|NintendoSwitch.ActiveCfg = DebugUniversalDX11|NX64
		{01571E12-3EF1-4A21-ABEC-7F9ECE949D55}.DebugUniversalDX11|NintendoSwitch.Build.0 = DebugUniversalDX11|NX64
		{01571E12-3EF1-4A21-ABEC-7F9ECE949D55}.DebugUniversalDX11|Android.ActiveCfg = DebugUniversalDX11|Android-arm64-v8a
		{01571E12-3EF1-4A21-ABEC-7F9ECE949D55}.DebugUniversalDX11|Android.Build.0 = DebugUniversalDX11|Android-arm64-v8a
		{01571E12-3EF1-4A21-ABEC-7F9ECE949D55}.ReleaseDX11|x64.ActiveCfg = ReleaseDX11|x64
		{01571E12-3EF1-4A21-ABEC-7F9ECE949D55}.ReleaseDX11|x64.Build.0 = ReleaseDX11|x64
		{01571E12-3EF1-4A21-ABEC-7F9ECE949D55}.ReleaseDX11|x86.ActiveCfg = ReleaseDX11|Win32
		{01571E12-3EF1-4A21-ABEC-7F9ECE949D55}.ReleaseDX11|x86.Build.0 = ReleaseDX11|Win32
		{01571E12-3EF1-4A21-ABEC-7F9ECE949D55}.ReleaseDX11|ARM.ActiveCfg = ReleaseDX11|ARM
		{01571E12-3EF1-4A21-ABEC-7F9ECE949D55}.ReleaseDX11|ARM.Build.0 = ReleaseDX11|ARM
		{01571E12-3EF1-4A21-ABEC-7F9ECE949D55}.ReleaseDX11|Web.ActiveCfg = ReleaseDX11|Emscripten
		{01571E12-3EF1-4A21-ABEC-7F9ECE949D55}.ReleaseDX11|Web.Build.0 = ReleaseDX11|Emscripten
		{01571E12-3EF1-4A21-ABEC-7F9ECE949D55}.ReleaseDX11|NintendoSwitch.ActiveCfg = ReleaseDX11|NX64
		{01571E12-3EF1-4A21-ABEC-7F9ECE949D55}.ReleaseDX11|NintendoSwitch.Build.0 = ReleaseDX11|NX64
		{01571E12-3EF1-4A21-ABEC-7F9ECE949D55}.ReleaseDX11|Android.ActiveCfg = ReleaseDX11|Android-arm64-v8a
		{01571E12-3EF1-4A21-ABEC-7F9ECE949D55}.ReleaseDX11|Android.Build.0 = ReleaseDX11|Android-arm64-v8a
		{01571E12-3EF1-4A21-ABEC-7F9ECE949D55}.ReleaseGL|x64.ActiveCfg = ReleaseGL|x64
		{01571E12-3EF1-4A21-ABEC-7F9ECE949D55}.ReleaseGL|x64.Build.0 = ReleaseGL|x64
		{01571E12-3EF1-4A21-ABEC-7F9ECE949D55}.ReleaseGL|x86.ActiveCfg = ReleaseGL|Win32
		{01571E12-3EF1-4A21-ABEC-7F9ECE949D55}.ReleaseGL|x86.Build.0 = ReleaseGL|Win32
		{01571E12-3EF1-4A21-ABEC-7F9ECE949D55}.ReleaseGL|ARM.ActiveCfg = ReleaseGL|ARM
		{01571E12-3EF1-4A21-ABEC-7F9ECE949D55}.ReleaseGL|ARM.Build.0 = ReleaseGL|ARM
		{01571E12-3EF1-4A21-ABEC-7F9ECE949D55}.ReleaseGL|Web.ActiveCfg = ReleaseGL|Emscripten
		{01571E12-3EF1-4A21-ABEC-7F9ECE949D55}.ReleaseGL|Web.Build.0 = ReleaseGL|Emscripten
		{01571E12-3EF1-4A21-ABEC-7F9ECE949D55}.ReleaseGL|NintendoSwitch.ActiveCfg = ReleaseGL|NX64
		{01571E12-3EF1-4A21-ABEC-7F9ECE949D55}.ReleaseGL|NintendoSwitch.Build.0 = ReleaseGL|NX64
		{01571E12-3EF1-4A21-ABEC-7F9ECE949D55}.ReleaseGL|Android.ActiveCfg = ReleaseGL|Android-arm64-v8a
		{01571E12-3EF1-4A21-ABEC-7F9ECE949D55}.ReleaseGL|Android.Build.0 = ReleaseGL|Android-arm64-v8a
		{01571E12-3EF1-4A21-ABEC-7F9ECE949D55}.Release Universal DX11|x64.ActiveCfg = Release Universal DX11|x64
		{01571E12-3EF1-4A21-ABEC-7F9ECE949D55}.Release Universal DX11|x64.Build.0 = Release Universal DX11|x64
		{01571E12-3EF1-4A21-ABEC-7F9ECE949D55}.Release Universal DX11|x86.ActiveCfg = Release Universal DX11|Win32
		{01571E12-3EF1-4A21-ABEC-7F9ECE949D55}.Release Universal DX11|x86.Build.0 = Release Universal DX11|Win32
		{01571E12-3EF1-4A21-ABEC-7F9ECE949D55}.Release Universal DX11|ARM.ActiveCfg = Release Universal DX11|ARM
		{01571E12-3EF1-4A21-ABEC-7F9ECE949D55}.Release Universal DX11|ARM.Build.0 = Release Universal DX11|ARM
		{01571E12-3EF1-4A21-ABEC-7F9ECE949D55}.Release Universal DX11|Web.ActiveCfg = Release Universal DX11|Emscripten
		{01571E12-3EF1-4A21-ABEC-7F9ECE949D55}.Release Universal DX11|Web.Build.0 = Release Universal DX11|Emscripten
		{01571E12-3EF1-4A21-ABEC-7F9ECE949D55}.Release Universal DX11|NintendoSwitch.ActiveCfg = Release Universal DX11|NX64
		{01571E12-3EF1-4A21-ABEC-7F9ECE949D55}.Release Universal DX11|NintendoSwitch.Build.0 = Release Universal DX11|NX64
		{01571E12-3EF1-4A21-ABEC-7F9ECE949D55}.Release Universal DX11|Android.ActiveCfg = Release Universal DX11|Android-arm64-v8a
		{01571E12-3EF1-4A21-ABEC-7F9ECE949D55}.Release Universal DX11|Android.Build.0 = Release Universal DX11|Android-arm64-v8a
		{50D7460A-5167-4326-90E0-1B1A17383A51}.DebugDX11|x64.ActiveCfg = DebugDX11|x64
		{50D7460A-5167-4326-90E0-1B1A17383A51}.DebugDX11|x64.Build.0 = DebugDX11|x64
		{50D7460A-5167-4326-90E0-1B1A17383A51}.DebugDX11|x86.ActiveCfg = DebugDX11|Win32
		{50D7460A-5167-4326-90E0-1B1A17383A51}.DebugDX11|x86.Build.0 = DebugDX11|Win32
		{50D7460A-5167-4326-90E0-1B1A17383A51}.DebugDX11|ARM.ActiveCfg = DebugDX11|ARM
		{50D7460A-5167-4326-90E0-1B1A17383A51}.DebugDX11|ARM.Build.0 = DebugDX11|ARM
		{50D7460A-5167-4326-90E0-1B1A17383A51}.DebugDX11|Web.ActiveCfg = DebugDX11|Emscripten
		{50D7460A-5167-4326-90E0-1B1A17383A51}.DebugDX11|Web.Build.0 = DebugDX11|Emscripten
		{50D7460A-5167-4326-90E0-1B1A17383A51}.DebugDX11|NintendoSwitch.ActiveCfg = DebugDX11|NX64
		{50D7460A-5167-4326-90E0-1B1A17383A51}.DebugDX11|NintendoSwitch.Build.0 = DebugDX11|NX64
		{50D7460A-5167-4326-90E0-1B1A17383A51}.DebugDX11|Android.ActiveCfg = DebugDX11|Android-arm64-v8a
		{50D7460A-5167-4326-90E0-1B1A17383A51}.DebugDX11|Android.Build.0 = DebugDX11|Android-arm64-v8a
		{50D7460A-5167-4326-90E0-1B1A17383A51}.DebugGL|x64.ActiveCfg = DebugGL|x64
		{50D7460A-5167-4326-90E0-1B1A17383A51}.DebugGL|x64.Build.0 = DebugGL|x64
		{50D7460A-5167-4326-90E0-1B1A17383A51}.DebugGL|x86.ActiveCfg = DebugGL|Win32
		{50D7460A-5167-4326-90E0-1B1A17383A51}.DebugGL|x86.Build.0 = DebugGL|Win32
		{50D7460A-5167-4326-90E0-1B1A17383A51}.DebugGL|ARM.ActiveCfg = DebugGL|ARM
		{50D7460A-5167-4326-90E0-1B1A17383A51}.DebugGL|ARM.Build.0 = DebugGL|ARM
		{50D7460A-5167-4326-90E0-1B1A17383A51}.DebugGL|Web.ActiveCfg = DebugGL|Emscripten
		{50D7460A-5167-4326-90E0-1B1A17383A51}.DebugGL|Web.Build.0 = DebugGL|Emscripten
		{50D7460A-5167-4326-90E0-1B1A17383A51}.DebugGL|NintendoSwitch.ActiveCfg = DebugGL|NX64
		{50D7460A-5167-4326-90E0-1B1A17383A51}.DebugGL|NintendoSwitch.Build.0 = DebugGL|NX64
		{50D7460A-5167-4326-90E0-1B1A17383A51}.DebugGL|Android.ActiveCfg = DebugGL|Android-arm64-v8a
		{50D7460A-5167-4326-90E0-1B1A17383A51}.DebugGL|Android.Build.0 = DebugGL|Android-arm64-v8a
		{50D7460A-5167-4326-90E0-1B1A17383A51}.DebugUniversalDX11|x64.ActiveCfg = DebugUniversalDX11|x64
		{50D7460A-5167-4326-90E0-1B1A17383A51}.DebugUniversalDX11|x64.Build.0 = DebugUniversalDX11|x64
		{50D7460A-5167-4326-90E0-1B1A17383A51}.DebugUniversalDX11|x64.Deploy.0 = DebugUniversalDX11|x64
		{50D7460A-5167-4326-90E0-1B1A17383A51}.DebugUniversalDX11|x86.ActiveCfg = DebugUniversalDX11|Win32
		{50D7460A-5167-4326-90E0-1B1A17383A51}.DebugUniversalDX11|x86.Build.0 = DebugUniversalDX11|Win32
		{50D7460A-5167-4326-90E0-1B1A17383A51}.DebugUniversalDX11|x86.Deploy.0 = DebugUniversalDX11|Win32
		{50D7460A-5167-4326-90E0-1B1A17383A51}.DebugUniversalDX11|ARM.ActiveCfg = DebugUniversalDX11|ARM
		{50D7460A-5167-4326-90E0-1B1A17383A51}.DebugUniversalDX11|ARM.Build.0 = DebugUniversalDX11|ARM
		{50D7460A-5167-4326-90E0-1B1A17383A51}.DebugUniversalDX11|ARM.Deploy.0 = DebugUniversalDX11|ARM
		{50D7460A-5167-4326-90E0-1B1A17383A51}.DebugUniversalDX11|Web.ActiveCfg = DebugUniversalDX11|Emscripten
		{50D7460A-5167-4326-90E0-1B1A17383A51}.DebugUniversalDX11|Web.Build.0 = DebugUniversalDX11|Emscripten
		{50D7460A-5167-4326-90E0-1B1A17383A51}.DebugUniversalDX11|NintendoSwitch.ActiveCfg = DebugUniversalDX11|NX64
		{50D7460A-5167-4326-90E0-1B1A17383A51}.DebugUniversalDX11|NintendoSwitch.Build.0 = DebugUniversalDX11|NX64
		{50D7460A-5167-4326-90E0-1B1A17383A51}.DebugUniversalDX11|NintendoSwitch.Deploy.0 = DebugUniversalDX11|NX64
		{50D7460A-5167-4326-90E0-1B1A17383A51}.DebugUniversalDX11|Android.ActiveCfg = DebugUniversalDX11|Android-arm64-v8a
		{50D7460A-5167-4326-90E0-1B1A17383A51}.DebugUniversalDX11|Android.Build.0 = DebugUniversalDX11|Android-arm64-v8a
		{50D7460A-5167-4326-90E0-1B1A17383A51}.ReleaseDX11|x64.ActiveCfg = ReleaseDX11|x64
		{50D7460A-5167-4326-90E0-1B1A17383A51}.ReleaseDX11|x64.Build.0 = ReleaseDX11|x64
		{50D7460A-5167-4326-90E0-1B1A17383A51}.ReleaseDX11|x86.ActiveCfg = ReleaseDX11|Win32
		{50D7460A-5167-4326-90E0-1B1A17383A51}.ReleaseDX11|x86.Build.0 = ReleaseDX11|Win32
		{50D7460A-5167-4326-90E0-1B1A17383A51}.ReleaseDX11|ARM.ActiveCfg = ReleaseDX11|ARM
		{50D7460A-5167-4326-90E0-1B1A17383A51}.ReleaseDX11|ARM.Build.0 = ReleaseDX11|ARM
		{50D7460A-5167-4326-90E0-1B1A17383A51}.ReleaseDX11|Web.ActiveCfg = ReleaseDX11|Emscripten
		{50D7460A-5167-4326-90E0-1B1A17383A51}.ReleaseDX11|Web.Build.0 = ReleaseDX11|Emscripten
		{50D7460A-5167-4326-90E0-1B1A17383A51}.ReleaseDX11|NintendoSwitch.ActiveCfg = ReleaseDX11|NX64
		{50D7460A-5167-4326-90E0-1B1A17383A51}.ReleaseDX11|NintendoSwitch.Build.0 = ReleaseDX11|NX64
		{50D7460A-5167-4326-90E0-1B1A17383A51}.ReleaseDX11|Android.ActiveCfg = ReleaseDX11|Android-arm64-v8a
		{50D7460A-5167-4326-90E0-1B1A17383A51}.ReleaseDX11|Android.Build.0 = ReleaseDX11|Android-arm64-v8a
		{50D7460A-5167-4326-90E0-1B1A17383A51}.ReleaseGL|x64.ActiveCfg = ReleaseGL|x64
		{50D7460A-5167-4326-90E0-1B1A17383A51}.ReleaseGL|x64.Build.0 = ReleaseGL|x64
		{50D7460A-5167-4326-90E0-1B1A17383A51}.ReleaseGL|x86.ActiveCfg = ReleaseGL|Win32
		{50D7460A-5167-4326-90E0-1B1A17383A51}.ReleaseGL|x86.Build.0 = ReleaseGL|Win32
		{50D7460A-5167-4326-90E0-1B1A17383A51}.ReleaseGL|ARM.ActiveCfg = ReleaseGL|ARM
		{50D7460A-5167-4326-90E0-1B1A17383A51}.ReleaseGL|ARM.Build.0 = ReleaseGL|ARM
		{50D7460A-5167-4326-90E0-1B1A17383A51}.ReleaseGL|Web.ActiveCfg = ReleaseGL|Emscripten
		{50D7460A-5167-4326-90E0-1B1A17383A51}.ReleaseGL|Web.Build.0 = ReleaseGL|Emscripten
		{50D7460A-5167-4326-90E0-1B1A17383A51}.ReleaseGL|NintendoSwitch.ActiveCfg = ReleaseGL|NX64
		{50D7460A-5167-4326-90E0-1B1A17383A51}.ReleaseGL|NintendoSwitch.Build.0 = ReleaseGL|NX64
		{50D7460A-5167-4326-90E0-1B1A17383A51}.ReleaseGL|Android.ActiveCfg = ReleaseGL|Android-arm64-v8a
		{50D7460A-5167-4326-90E0-1B1A17383A51}.ReleaseGL|Android.Build.0 = ReleaseGL|Android-arm64-v8a
		{50D7460A-5167-4326-90E0-1B1A17383A51}.Release Universal DX11|x64.ActiveCfg = Release Universal DX11|x64
		{50D7460A-5167-4326-90E0-1B1A17383A51}.Release Universal DX11|x64.Build.0 = Release Universal DX11|x64
		{50D7460A-5167-4326-90E0-1B1A17383A51}.Release Universal DX11|x64.Deploy.0 = Release Universal DX11|x64
		{50D7460A-5167-4326-90E0-1B1A17383A51}.Release Universal DX11|x86.ActiveCfg = Release Universal DX11|Win32
		{50D7460A-5167-4326-90E0-1B1A17383A51}.Release Universal DX11|x86.Build.0 = Release Universal DX11|Win32
		{50D7460A-5167-4326-90E0-1B1A17383A51}.Release Universal DX11|x86.Deploy.0 = Release Universal DX11|Win32
		{50D7460A-5167-4326-90E0-1B1A17383A51}.Release Universal DX11|ARM.ActiveCfg = Release Universal DX11|ARM
		{50D7460A-5167-4326-90E0-1B1A17383A51}.Release Universal DX11|ARM.Build.0 = Release Universal DX11|ARM
		{50D7460A-5167-4326-90E0-1B1A17383A51}.Release Universal DX11|ARM.Deploy.0 = Release Universal DX11|ARM
		{50D7460A-5167-4326-90E0-1B1A17383A51}.Release Universal DX11|Web.ActiveCfg = Release Universal DX11|Emscripten
		{50D7460A-5167-4326-90E0-1B1A17383A51}.Release Universal DX11|Web.Build.0 = Release Universal DX11|Emscripten
		{50D7460A-5167-4326-90E0-1B1A17383A51}.Release Universal DX11|NintendoSwitch.ActiveCfg = Release Universal DX11|NX64
		{50D7460A-5167-4326-90E0-1B1A17383A51}.Release Universal DX11|NintendoSwitch.Build.0 = Release Universal DX11|NX64
		{50D7460A-5167-4326-90E0-1B1A17383A51}.Release Universal DX11|NintendoSwitch.Deploy.0 = Release Universal DX11|NX64
		{50D7460A-5167-4326-90E0-1B1A17383A51}.Release Universal DX11|Android.ActiveCfg = Release Universal DX11|Android-arm64-v8a
		{50D7460A-5167-4326-90E0-1B1A17383A51}.Release Universal DX11|Android.Build.0 = Release Universal DX11|Android-arm64-v8a
	EndGlobalSection
	GlobalSection(SolutionProperties) = preSolution
		HideSolutionNode = FALSE
	EndGlobalSection
	GlobalSection(ExtensibilityGlobals) = postSolution
		SolutionGuid = {AC944565-32C9-4B7E-A836-456910B61D9F}
	EndGlobalSection
EndGlobal
