
Microsoft Visual Studio Solution File, Format Version 12.00
# Visual Studio Version 17
VisualStudioVersion = 17.1.32328.378
MinimumVisualStudioVersion = 10.0.40219.1
Project("{8BC9CEB8-8B4A-11D0-8D11-00A0C91BC942}") = "Project", "Project.vcxproj", "{D5E88CFD-53A1-4136-9D8C-2958A7F05334}"
EndProject
Global
	GlobalSection(SolutionConfigurationPlatforms) = preSolution
		DebugDX11|x64 = DebugDX11|x64
		DebugDX11|2) ARM = DebugDX11|2) ARM
		DebugDX11|3) Web = DebugDX11|3) Web
		DebugDX11|4) Nintendo Switch = DebugDX11|4) Nintendo Switch
		DebugDX11|5) Android = DebugDX11|5) Android
		DebugUniversalDX11|x64 = DebugUniversalDX11|x64
		DebugUniversalDX11|2) ARM = DebugUniversalDX11|2) ARM
		DebugUniversalDX11|3) Web = DebugUniversalDX11|3) Web
		DebugUniversalDX11|4) Nintendo Switch = DebugUniversalDX11|4) Nintendo Switch
		DebugUniversalDX11|5) Android = DebugUniversalDX11|5) Android
		ReleaseDX11|x64 = ReleaseDX11|x64
		ReleaseDX11|2) ARM = ReleaseDX11|2) ARM
		ReleaseDX11|3) Web = ReleaseDX11|3) Web
		ReleaseDX11|4) Nintendo Switch = ReleaseDX11|4) Nintendo Switch
		ReleaseDX11|5) Android = ReleaseDX11|5) Android
		ReleaseUniversalDX11|x64 = ReleaseUniversalDX11|x64
		ReleaseUniversalDX11|2) ARM = ReleaseUniversalDX11|2) ARM
		ReleaseUniversalDX11|3) Web = ReleaseUniversalDX11|3) Web
		ReleaseUniversalDX11|4) Nintendo Switch = ReleaseUniversalDX11|4) Nintendo Switch
		ReleaseUniversalDX11|5) Android = ReleaseUniversalDX11|5) Android
	EndGlobalSection
	GlobalSection(ProjectConfigurationPlatforms) = postSolution
		{D5E88CFD-53A1-4136-9D8C-2958A7F05334}.DebugDX11|x64.ActiveCfg = DebugDX11|x64
		{D5E88CFD-53A1-4136-9D8C-2958A7F05334}.DebugDX11|x64.Build.0 = DebugDX11|x64
		{D5E88CFD-53A1-4136-9D8C-2958A7F05334}.DebugDX11|2) ARM.ActiveCfg = DebugDX11|ARM
		{D5E88CFD-53A1-4136-9D8C-2958A7F05334}.DebugDX11|2) ARM.Build.0 = DebugDX11|ARM
		{D5E88CFD-53A1-4136-9D8C-2958A7F05334}.DebugDX11|3) Web.ActiveCfg = DebugDX11|Emscripten
		{D5E88CFD-53A1-4136-9D8C-2958A7F05334}.DebugDX11|3) Web.Build.0 = DebugDX11|Emscripten
		{D5E88CFD-53A1-4136-9D8C-2958A7F05334}.DebugDX11|4) Nintendo Switch.ActiveCfg = DebugDX11|NX64
		{D5E88CFD-53A1-4136-9D8C-2958A7F05334}.DebugDX11|4) Nintendo Switch.Build.0 = DebugDX11|NX64
		{D5E88CFD-53A1-4136-9D8C-2958A7F05334}.DebugDX11|5) Android.ActiveCfg = DebugDX11|Android-arm64-v8a
		{D5E88CFD-53A1-4136-9D8C-2958A7F05334}.DebugDX11|5) Android.Build.0 = DebugDX11|Android-arm64-v8a
		{D5E88CFD-53A1-4136-9D8C-2958A7F05334}.DebugUniversalDX11|x64.ActiveCfg = DebugUniversalDX11|x64
		{D5E88CFD-53A1-4136-9D8C-2958A7F05334}.DebugUniversalDX11|x64.Build.0 = DebugUniversalDX11|x64
		{D5E88CFD-53A1-4136-9D8C-2958A7F05334}.DebugUniversalDX11|x64.Deploy.0 = DebugUniversalDX11|x64
		{D5E88CFD-53A1-4136-9D8C-2958A7F05334}.DebugUniversalDX11|2) ARM.ActiveCfg = DebugUniversalDX11|ARM
		{D5E88CFD-53A1-4136-9D8C-2958A7F05334}.DebugUniversalDX11|2) ARM.Build.0 = DebugUniversalDX11|ARM
		{D5E88CFD-53A1-4136-9D8C-2958A7F05334}.DebugUniversalDX11|2) ARM.Deploy.0 = DebugUniversalDX11|ARM
		{D5E88CFD-53A1-4136-9D8C-2958A7F05334}.DebugUniversalDX11|3) Web.ActiveCfg = DebugUniversalDX11|Emscripten
		{D5E88CFD-53A1-4136-9D8C-2958A7F05334}.DebugUniversalDX11|4) Nintendo Switch.ActiveCfg = DebugUniversalDX11|NX64
		{D5E88CFD-53A1-4136-9D8C-2958A7F05334}.DebugUniversalDX11|4) Nintendo Switch.Build.0 = DebugUniversalDX11|NX64
		{D5E88CFD-53A1-4136-9D8C-2958A7F05334}.DebugUniversalDX11|5) Android.ActiveCfg = DebugUniversalDX11|Android-arm64-v8a
		{D5E88CFD-53A1-4136-9D8C-2958A7F05334}.DebugUniversalDX11|5) Android.Build.0 = DebugUniversalDX11|Android-arm64-v8a
		{D5E88CFD-53A1-4136-9D8C-2958A7F05334}.ReleaseDX11|x64.ActiveCfg = ReleaseDX11|x64
		{D5E88CFD-53A1-4136-9D8C-2958A7F05334}.ReleaseDX11|x64.Build.0 = ReleaseDX11|x64
		{D5E88CFD-53A1-4136-9D8C-2958A7F05334}.ReleaseDX11|2) ARM.ActiveCfg = ReleaseDX11|ARM
		{D5E88CFD-53A1-4136-9D8C-2958A7F05334}.ReleaseDX11|2) ARM.Build.0 = ReleaseDX11|ARM
		{D5E88CFD-53A1-4136-9D8C-2958A7F05334}.ReleaseDX11|3) Web.ActiveCfg = ReleaseDX11|Emscripten
		{D5E88CFD-53A1-4136-9D8C-2958A7F05334}.ReleaseDX11|3) Web.Build.0 = ReleaseDX11|Emscripten
		{D5E88CFD-53A1-4136-9D8C-2958A7F05334}.ReleaseDX11|4) Nintendo Switch.ActiveCfg = ReleaseDX11|NX64
		{D5E88CFD-53A1-4136-9D8C-2958A7F05334}.ReleaseDX11|4) Nintendo Switch.Build.0 = ReleaseDX11|NX64
		{D5E88CFD-53A1-4136-9D8C-2958A7F05334}.ReleaseDX11|5) Android.ActiveCfg = ReleaseDX11|Android-arm64-v8a
		{D5E88CFD-53A1-4136-9D8C-2958A7F05334}.ReleaseDX11|5) Android.Build.0 = ReleaseDX11|Android-arm64-v8a
		{D5E88CFD-53A1-4136-9D8C-2958A7F05334}.ReleaseUniversalDX11|x64.ActiveCfg = ReleaseUniversalDX11|x64
		{D5E88CFD-53A1-4136-9D8C-2958A7F05334}.ReleaseUniversalDX11|x64.Build.0 = ReleaseUniversalDX11|x64
		{D5E88CFD-53A1-4136-9D8C-2958A7F05334}.ReleaseUniversalDX11|x64.Deploy.0 = ReleaseUniversalDX11|x64
		{D5E88CFD-53A1-4136-9D8C-2958A7F05334}.ReleaseUniversalDX11|2) ARM.ActiveCfg = ReleaseUniversalDX11|ARM
		{D5E88CFD-53A1-4136-9D8C-2958A7F05334}.ReleaseUniversalDX11|2) ARM.Build.0 = ReleaseUniversalDX11|ARM
		{D5E88CFD-53A1-4136-9D8C-2958A7F05334}.ReleaseUniversalDX11|2) ARM.Deploy.0 = ReleaseUniversalDX11|ARM
		{D5E88CFD-53A1-4136-9D8C-2958A7F05334}.ReleaseUniversalDX11|3) Web.ActiveCfg = ReleaseUniversalDX11|Emscripten
		{D5E88CFD-53A1-4136-9D8C-2958A7F05334}.ReleaseUniversalDX11|4) Nintendo Switch.ActiveCfg = ReleaseUniversalDX11|NX64
		{D5E88CFD-53A1-4136-9D8C-2958A7F05334}.ReleaseUniversalDX11|4) Nintendo Switch.Build.0 = ReleaseUniversalDX11|NX64
		{D5E88CFD-53A1-4136-9D8C-2958A7F05334}.ReleaseUniversalDX11|5) Android.ActiveCfg = ReleaseUniversalDX11|Android-arm64-v8a
		{D5E88CFD-53A1-4136-9D8C-2958A7F05334}.ReleaseUniversalDX11|5) Android.Build.0 = ReleaseUniversalDX11|Android-arm64-v8a
	EndGlobalSection
	GlobalSection(SolutionProperties) = preSolution
		HideSolutionNode = FALSE
	EndGlobalSection
	GlobalSection(ExtensibilityGlobals) = postSolution
		SolutionGuid = {85928F52-80A6-4EDB-B733-B096F1774AF4}
	EndGlobalSection
EndGlobal
